
Microsoft Visual Studio Solution File, Format Version 12.00
# Visual Studio Version 16
VisualStudioVersion = 16.0.29403.142
MinimumVisualStudioVersion = 10.0.40219.1
Project("{9A19103F-16F7-4668-BE54-9A1E7A4F7556}") = "ExchangeRate.Api", "ExchangeRate.Api\ExchangeRate.Api.csproj", "{7B3B78C6-F2AD-44EC-8E9D-B848682FB96F}"
EndProject
Project("{9A19103F-16F7-4668-BE54-9A1E7A4F7556}") = "ExchangeRate.Services", "ExchangeRate.Services\ExchangeRate.Services.csproj", "{1D927CB3-3FF3-47DD-8DFE-244E4728ADA9}"
EndProject
Project("{9A19103F-16F7-4668-BE54-9A1E7A4F7556}") = "ExchangeRate.Common", "ExchangeRate.Common\ExchangeRate.Common.csproj", "{65781E9B-42DD-4C98-9116-2C477AF3B30D}"
EndProject
Project("{9A19103F-16F7-4668-BE54-9A1E7A4F7556}") = "ExchangeRate.EF", "ExchangeRate.EF\ExchangeRate.EF.csproj", "{D19812CE-5AB2-4A7D-8BA4-0462FA299D4D}"
EndProject
Global
	GlobalSection(SolutionConfigurationPlatforms) = preSolution
		Debug|Any CPU = Debug|Any CPU
		Release|Any CPU = Release|Any CPU
	EndGlobalSection
	GlobalSection(ProjectConfigurationPlatforms) = postSolution
		{7B3B78C6-F2AD-44EC-8E9D-B848682FB96F}.Debug|Any CPU.ActiveCfg = Debug|Any CPU
		{7B3B78C6-F2AD-44EC-8E9D-B848682FB96F}.Debug|Any CPU.Build.0 = Debug|Any CPU
		{7B3B78C6-F2AD-44EC-8E9D-B848682FB96F}.Release|Any CPU.ActiveCfg = Release|Any CPU
		{7B3B78C6-F2AD-44EC-8E9D-B848682FB96F}.Release|Any CPU.Build.0 = Release|Any CPU
		{1D927CB3-3FF3-47DD-8DFE-244E4728ADA9}.Debug|Any CPU.ActiveCfg = Debug|Any CPU
		{1D927CB3-3FF3-47DD-8DFE-244E4728ADA9}.Debug|Any CPU.Build.0 = Debug|Any CPU
		{1D927CB3-3FF3-47DD-8DFE-244E4728ADA9}.Release|Any CPU.ActiveCfg = Release|Any CPU
		{1D927CB3-3FF3-47DD-8DFE-244E4728ADA9}.Release|Any CPU.Build.0 = Release|Any CPU
		{65781E9B-42DD-4C98-9116-2C477AF3B30D}.Debug|Any CPU.ActiveCfg = Debug|Any CPU
		{65781E9B-42DD-4C98-9116-2C477AF3B30D}.Debug|Any CPU.Build.0 = Debug|Any CPU
		{65781E9B-42DD-4C98-9116-2C477AF3B30D}.Release|Any CPU.ActiveCfg = Release|Any CPU
		{65781E9B-42DD-4C98-9116-2C477AF3B30D}.Release|Any CPU.Build.0 = Release|Any CPU
		{D19812CE-5AB2-4A7D-8BA4-0462FA299D4D}.Debug|Any CPU.ActiveCfg = Debug|Any CPU
		{D19812CE-5AB2-4A7D-8BA4-0462FA299D4D}.Debug|Any CPU.Build.0 = Debug|Any CPU
		{D19812CE-5AB2-4A7D-8BA4-0462FA299D4D}.Release|Any CPU.ActiveCfg = Release|Any CPU
		{D19812CE-5AB2-4A7D-8BA4-0462FA299D4D}.Release|Any CPU.Build.0 = Release|Any CPU
	EndGlobalSection
	GlobalSection(SolutionProperties) = preSolution
		HideSolutionNode = FALSE
	EndGlobalSection
	GlobalSection(ExtensibilityGlobals) = postSolution
		SolutionGuid = {124206C7-6F42-45EE-A855-9714A5EF2AC1}
	EndGlobalSection
EndGlobal
